
Microsoft Visual Studio Solution File, Format Version 12.00
# Visual Studio 15
VisualStudioVersion = 15.0.28307.572
MinimumVisualStudioVersion = 10.0.40219.1
Project("{9A19103F-16F7-4668-BE54-9A1E7A4F7556}") = "RockApi", "RockApi\RockApi.csproj", "{54959FA1-8A7B-475D-8FB6-F6D6A0A70307}"
EndProject
Project("{FAE04EC0-301F-11D3-BF4B-00C04F79EFBC}") = "DomainModel", "DomainModel\DomainModel.csproj", "{0E7542D5-4A7F-4F04-B2E5-2A69DE4B3EFC}"
EndProject
Global
	GlobalSection(SolutionConfigurationPlatforms) = preSolution
		Debug|Any CPU = Debug|Any CPU
		Release|Any CPU = Release|Any CPU
	EndGlobalSection
	GlobalSection(ProjectConfigurationPlatforms) = postSolution
		{54959FA1-8A7B-475D-8FB6-F6D6A0A70307}.Debug|Any CPU.ActiveCfg = Debug|Any CPU
		{54959FA1-8A7B-475D-8FB6-F6D6A0A70307}.Debug|Any CPU.Build.0 = Debug|Any CPU
		{54959FA1-8A7B-475D-8FB6-F6D6A0A70307}.Release|Any CPU.ActiveCfg = Release|Any CPU
		{54959FA1-8A7B-475D-8FB6-F6D6A0A70307}.Release|Any CPU.Build.0 = Release|Any CPU
		{0E7542D5-4A7F-4F04-B2E5-2A69DE4B3EFC}.Debug|Any CPU.ActiveCfg = Debug|Any CPU
		{0E7542D5-4A7F-4F04-B2E5-2A69DE4B3EFC}.Debug|Any CPU.Build.0 = Debug|Any CPU
		{0E7542D5-4A7F-4F04-B2E5-2A69DE4B3EFC}.Release|Any CPU.ActiveCfg = Release|Any CPU
		{0E7542D5-4A7F-4F04-B2E5-2A69DE4B3EFC}.Release|Any CPU.Build.0 = Release|Any CPU
	EndGlobalSection
	GlobalSection(SolutionProperties) = preSolution
		HideSolutionNode = FALSE
	EndGlobalSection
	GlobalSection(ExtensibilityGlobals) = postSolution
		SolutionGuid = {99E9866A-4CA2-4DD5-BCBA-BE3B46E9C290}
	EndGlobalSection
EndGlobal
